<?xml version="1.0" encoding="utf-8"?>
<Project ToolsVersion="4.0" xmlns="http://schemas.microsoft.com/developer/msbuild/2003">
  <ItemGroup>
    <Filter Include="Source Files">
      <UniqueIdentifier>{21c9481e-99c6-4f3b-b160-a29256d23da1}</UniqueIdentifier>
    </Filter>
    <Filter Include="Header Files">
      <UniqueIdentifier>{338672ec-060e-498a-ad9a-8aff2549b7e8}</UniqueIdentifier>
    </Filter>
    <Filter Include="Resource Files">
      <UniqueIdentifier>{507d119f-8aa4-4bcb-8d7f-0ef8d32ea347}</UniqueIdentifier>
    </Filter>
  </ItemGroup>
  <ItemGroup>
    <ClCompile Include="glad.c">
      <Filter>Source Files</Filter>
    </ClCompile>
    <ClCompile Include="glad_wgl.c">
      <Filter>Source Files</Filter>
    </ClCompile>
  </ItemGroup>
  <ItemGroup>
    <ClInclude Include="include\glad_wgl.h">
      <Filter>Header Files</Filter>
    </ClInclude>
    <ClInclude Include="include\glad.h">
      <Filter>Header Files</Filter>
    </ClInclude>
  </ItemGroup>
</Project>